
Microsoft Visual Studio Solution File, Format Version 12.00
# Visual Studio Version 16
VisualStudioVersion = 16.0.29509.3
MinimumVisualStudioVersion = 10.0.40219.1
Project("{FAE04EC0-301F-11D3-BF4B-00C04F79EFBC}") = "Lab1", "Lab1\Lab1.csproj", "{909E3E3C-AF10-41EE-BD20-648C5B4A3F98}"
EndProject
Project("{FAE04EC0-301F-11D3-BF4B-00C04F79EFBC}") = "Lab2", "test\Lab2.csproj", "{5E2BEA9B-868E-4B4B-B851-3AF80C5D3129}"
EndProject
Project("{FAE04EC0-301F-11D3-BF4B-00C04F79EFBC}") = "Lab3", "Lab3\Lab3.csproj", "{5934060F-2176-42F9-95CA-C7A4A8C97F23}"
EndProject
Project("{FAE04EC0-301F-11D3-BF4B-00C04F79EFBC}") = "Lab4", "WindowsFormsLab4\Lab4.csproj", "{BEF2B119-A4B3-4BA7-B6AF-4F99C22D8616}"
EndProject
Project("{9A19103F-16F7-4668-BE54-9A1E7A4F7556}") = "DistanceLib", "ClassLibrary1-Lab5\DistanceLib.csproj", "{DCE309A6-E5C3-4513-8181-B706ACBB7922}"
EndProject
Project("{FAE04EC0-301F-11D3-BF4B-00C04F79EFBC}") = "Lab5", "WF_Lab5\Lab5.csproj", "{8FFD96FB-0460-4235-BE40-D3C411C76DCB}"
EndProject
Project("{FAE04EC0-301F-11D3-BF4B-00C04F79EFBC}") = "Lab6_Reflection", "..\Reflection\Lab6_Reflection.csproj", "{32A10F88-62BB-4518-84E9-0F75142046FD}"
EndProject
Project("{FAE04EC0-301F-11D3-BF4B-00C04F79EFBC}") = "Lab6_Deligates", "Deligates\Lab6_Deligates.csproj", "{D3FFF89D-F262-4050-941D-41E49BEF3A4F}"
EndProject
Global
	GlobalSection(SolutionConfigurationPlatforms) = preSolution
		Debug|Any CPU = Debug|Any CPU
		Release|Any CPU = Release|Any CPU
	EndGlobalSection
	GlobalSection(ProjectConfigurationPlatforms) = postSolution
		{909E3E3C-AF10-41EE-BD20-648C5B4A3F98}.Debug|Any CPU.ActiveCfg = Debug|Any CPU
		{909E3E3C-AF10-41EE-BD20-648C5B4A3F98}.Debug|Any CPU.Build.0 = Debug|Any CPU
		{909E3E3C-AF10-41EE-BD20-648C5B4A3F98}.Release|Any CPU.ActiveCfg = Release|Any CPU
		{909E3E3C-AF10-41EE-BD20-648C5B4A3F98}.Release|Any CPU.Build.0 = Release|Any CPU
		{5E2BEA9B-868E-4B4B-B851-3AF80C5D3129}.Debug|Any CPU.ActiveCfg = Debug|Any CPU
		{5E2BEA9B-868E-4B4B-B851-3AF80C5D3129}.Debug|Any CPU.Build.0 = Debug|Any CPU
		{5E2BEA9B-868E-4B4B-B851-3AF80C5D3129}.Release|Any CPU.ActiveCfg = Release|Any CPU
		{5E2BEA9B-868E-4B4B-B851-3AF80C5D3129}.Release|Any CPU.Build.0 = Release|Any CPU
		{5934060F-2176-42F9-95CA-C7A4A8C97F23}.Debug|Any CPU.ActiveCfg = Debug|Any CPU
		{5934060F-2176-42F9-95CA-C7A4A8C97F23}.Debug|Any CPU.Build.0 = Debug|Any CPU
		{5934060F-2176-42F9-95CA-C7A4A8C97F23}.Release|Any CPU.ActiveCfg = Release|Any CPU
		{5934060F-2176-42F9-95CA-C7A4A8C97F23}.Release|Any CPU.Build.0 = Release|Any CPU
		{BEF2B119-A4B3-4BA7-B6AF-4F99C22D8616}.Debug|Any CPU.ActiveCfg = Debug|Any CPU
		{BEF2B119-A4B3-4BA7-B6AF-4F99C22D8616}.Debug|Any CPU.Build.0 = Debug|Any CPU
		{BEF2B119-A4B3-4BA7-B6AF-4F99C22D8616}.Release|Any CPU.ActiveCfg = Release|Any CPU
		{BEF2B119-A4B3-4BA7-B6AF-4F99C22D8616}.Release|Any CPU.Build.0 = Release|Any CPU
		{DCE309A6-E5C3-4513-8181-B706ACBB7922}.Debug|Any CPU.ActiveCfg = Debug|Any CPU
		{DCE309A6-E5C3-4513-8181-B706ACBB7922}.Debug|Any CPU.Build.0 = Debug|Any CPU
		{DCE309A6-E5C3-4513-8181-B706ACBB7922}.Release|Any CPU.ActiveCfg = Release|Any CPU
		{DCE309A6-E5C3-4513-8181-B706ACBB7922}.Release|Any CPU.Build.0 = Release|Any CPU
		{8FFD96FB-0460-4235-BE40-D3C411C76DCB}.Debug|Any CPU.ActiveCfg = Debug|Any CPU
		{8FFD96FB-0460-4235-BE40-D3C411C76DCB}.Debug|Any CPU.Build.0 = Debug|Any CPU
		{8FFD96FB-0460-4235-BE40-D3C411C76DCB}.Release|Any CPU.ActiveCfg = Release|Any CPU
		{8FFD96FB-0460-4235-BE40-D3C411C76DCB}.Release|Any CPU.Build.0 = Release|Any CPU
		{32A10F88-62BB-4518-84E9-0F75142046FD}.Debug|Any CPU.ActiveCfg = Debug|Any CPU
		{32A10F88-62BB-4518-84E9-0F75142046FD}.Debug|Any CPU.Build.0 = Debug|Any CPU
		{32A10F88-62BB-4518-84E9-0F75142046FD}.Release|Any CPU.ActiveCfg = Release|Any CPU
		{32A10F88-62BB-4518-84E9-0F75142046FD}.Release|Any CPU.Build.0 = Release|Any CPU
		{D3FFF89D-F262-4050-941D-41E49BEF3A4F}.Debug|Any CPU.ActiveCfg = Debug|Any CPU
		{D3FFF89D-F262-4050-941D-41E49BEF3A4F}.Debug|Any CPU.Build.0 = Debug|Any CPU
		{D3FFF89D-F262-4050-941D-41E49BEF3A4F}.Release|Any CPU.ActiveCfg = Release|Any CPU
		{D3FFF89D-F262-4050-941D-41E49BEF3A4F}.Release|Any CPU.Build.0 = Release|Any CPU
	EndGlobalSection
	GlobalSection(SolutionProperties) = preSolution
		HideSolutionNode = FALSE
	EndGlobalSection
	GlobalSection(ExtensibilityGlobals) = postSolution
		SolutionGuid = {1162B6A7-272C-4742-AE30-82BC75D9CAE9}
	EndGlobalSection
EndGlobal
